
Microsoft Visual Studio Solution File, Format Version 12.00
# Visual Studio Version 17
VisualStudioVersion = 17.4.33213.308
MinimumVisualStudioVersion = 10.0.40219.1
Project("{FAE04EC0-301F-11D3-BF4B-00C04F79EFBC}") = "Sales.Shared", "Sales.Shared\Sales.Shared.csproj", "{D70744DB-CD48-494A-94A8-21B8E4AF2343}"
EndProject
Project("{FAE04EC0-301F-11D3-BF4B-00C04F79EFBC}") = "Sales.API", "Sales.API\Sales.API.csproj", "{23B9A8E0-FBF6-4F35-A668-C5E64136724E}"
EndProject
Project("{FAE04EC0-301F-11D3-BF4B-00C04F79EFBC}") = "Sales.WEB", "Sales.WEB\Sales.WEB.csproj", "{6AF444C0-83C1-418D-97EC-CACE030B3E22}"
EndProject
Project("{FAE04EC0-301F-11D3-BF4B-00C04F79EFBC}") = "Sales.Mobile", "Sales.Mobile\Sales.Mobile.csproj", "{0E49E580-6BD5-444A-AE31-57AB344EA3BE}"
EndProject
Global
	GlobalSection(SolutionConfigurationPlatforms) = preSolution
		Debug|Any CPU = Debug|Any CPU
		Release|Any CPU = Release|Any CPU
	EndGlobalSection
	GlobalSection(ProjectConfigurationPlatforms) = postSolution
		{D70744DB-CD48-494A-94A8-21B8E4AF2343}.Debug|Any CPU.ActiveCfg = Debug|Any CPU
		{D70744DB-CD48-494A-94A8-21B8E4AF2343}.Debug|Any CPU.Build.0 = Debug|Any CPU
		{D70744DB-CD48-494A-94A8-21B8E4AF2343}.Release|Any CPU.ActiveCfg = Release|Any CPU
		{D70744DB-CD48-494A-94A8-21B8E4AF2343}.Release|Any CPU.Build.0 = Release|Any CPU
		{23B9A8E0-FBF6-4F35-A668-C5E64136724E}.Debug|Any CPU.ActiveCfg = Debug|Any CPU
		{23B9A8E0-FBF6-4F35-A668-C5E64136724E}.Debug|Any CPU.Build.0 = Debug|Any CPU
		{23B9A8E0-FBF6-4F35-A668-C5E64136724E}.Release|Any CPU.ActiveCfg = Release|Any CPU
		{23B9A8E0-FBF6-4F35-A668-C5E64136724E}.Release|Any CPU.Build.0 = Release|Any CPU
		{6AF444C0-83C1-418D-97EC-CACE030B3E22}.Debug|Any CPU.ActiveCfg = Debug|Any CPU
		{6AF444C0-83C1-418D-97EC-CACE030B3E22}.Debug|Any CPU.Build.0 = Debug|Any CPU
		{6AF444C0-83C1-418D-97EC-CACE030B3E22}.Release|Any CPU.ActiveCfg = Release|Any CPU
		{6AF444C0-83C1-418D-97EC-CACE030B3E22}.Release|Any CPU.Build.0 = Release|Any CPU
		{0E49E580-6BD5-444A-AE31-57AB344EA3BE}.Debug|Any CPU.ActiveCfg = Debug|Any CPU
		{0E49E580-6BD5-444A-AE31-57AB344EA3BE}.Debug|Any CPU.Build.0 = Debug|Any CPU
		{0E49E580-6BD5-444A-AE31-57AB344EA3BE}.Debug|Any CPU.Deploy.0 = Debug|Any CPU
		{0E49E580-6BD5-444A-AE31-57AB344EA3BE}.Release|Any CPU.ActiveCfg = Release|Any CPU
		{0E49E580-6BD5-444A-AE31-57AB344EA3BE}.Release|Any CPU.Build.0 = Release|Any CPU
		{0E49E580-6BD5-444A-AE31-57AB344EA3BE}.Release|Any CPU.Deploy.0 = Release|Any CPU
	EndGlobalSection
	GlobalSection(SolutionProperties) = preSolution
		HideSolutionNode = FALSE
	EndGlobalSection
	GlobalSection(ExtensibilityGlobals) = postSolution
		SolutionGuid = {B0EDAFE1-AB1E-4EDD-BBD9-F1B02B678784}
	EndGlobalSection
EndGlobal
